
Microsoft Visual Studio Solution File, Format Version 12.00
Project("{2150E333-8FDC-42A3-9474-1A3956D46DE8}") = "Tests", "Tests", "{55759CAB-391D-453E-8688-BE3D650740E6}"
EndProject
Project("{2150E333-8FDC-42A3-9474-1A3956D46DE8}") = "Deployments", "Deployments", "{393CF034-2108-4DDE-B3E5-87D38D5626D9}"
	ProjectSection(SolutionItems) = preProject
		.github\workflows\building-main-solution.yml = .github\workflows\building-main-solution.yml
	EndProjectSection
EndProject
Project("{FAE04EC0-301F-11D3-BF4B-00C04F79EFBC}") = "EventStorage", "src\EventStorage\EventStorage.csproj", "{C8B43562-7D4B-4765-93BB-005A4BE7A6AA}"
EndProject
Project("{FAE04EC0-301F-11D3-BF4B-00C04F79EFBC}") = "EventBus.RabbitMQ", "src\EventBus.RabbitMQ\EventBus.RabbitMQ.csproj", "{4F242670-AEE4-46E8-9520-5A3E5041564F}"
EndProject
Project("{FAE04EC0-301F-11D3-BF4B-00C04F79EFBC}") = "EventBus.RabbitMQ.Tests", "Tests\EventBus.RabbitMQ.Tests\EventBus.RabbitMQ.Tests.csproj", "{F7E99F70-9C9F-4FFE-A234-4C45FB51EEBF}"
EndProject
Project("{2150E333-8FDC-42A3-9474-1A3956D46DE8}") = "Services", "Services", "{DCEA88B2-CAF4-4310-9DD1-8EA6FB662165}"
EndProject
Project("{FAE04EC0-301F-11D3-BF4B-00C04F79EFBC}") = "OrdersService", "Tests\Services\OrdersService\OrdersService.csproj", "{29BDD32D-0882-4EBD-8BA7-D445E6747544}"
EndProject
Project("{FAE04EC0-301F-11D3-BF4B-00C04F79EFBC}") = "UsersService", "Tests\Services\UsersService\UsersService.csproj", "{606C39DD-AAD6-4E19-A281-CBE7615FC4B5}"
EndProject
Project("{FAE04EC0-301F-11D3-BF4B-00C04F79EFBC}") = "EventStorage.Tests", "Tests\EventStorage.Tests\EventStorage.Tests.csproj", "{24786669-E3BA-4BB2-BDE1-18A59A5374FF}"
EndProject
Project("{2150E333-8FDC-42A3-9474-1A3956D46DE8}") = "SharedWorkflows", "SharedWorkflows", "{22E13D9B-41CC-4CE4-A373-C87CBD8B196E}"
	ProjectSection(SolutionItems) = preProject
		.github\workflows\service-tests.yml = .github\workflows\service-tests.yml
		.github\workflows\service-versioning.yml = .github\workflows\service-versioning.yml
		.github\workflows\build-and-push-nuget-package.yml = .github\workflows\build-and-push-nuget-package.yml
	EndProjectSection
EndProject
Project("{2150E333-8FDC-42A3-9474-1A3956D46DE8}") = "Tests", "Tests", "{B9475E0F-A0C4-44A9-BA9E-BCBA1E6338D2}"
	ProjectSection(SolutionItems) = preProject
		.github\workflows\event-storage-tests.yml = .github\workflows\event-storage-tests.yml
		.github\workflows\eventbus-rabbitmq-tests.yml = .github\workflows\eventbus-rabbitmq-tests.yml
	EndProjectSection
EndProject
Project("{2150E333-8FDC-42A3-9474-1A3956D46DE8}") = "Versioning", "Versioning", "{36379309-8264-45C3-9442-3CF15409CC42}"
	ProjectSection(SolutionItems) = preProject
		.github\workflows\release-event-storage.yml = .github\workflows\release-event-storage.yml
		.github\workflows\release-eventbus-rabbitmq.yml = .github\workflows\release-eventbus-rabbitmq.yml
	EndProjectSection
EndProject
Global
	GlobalSection(SolutionConfigurationPlatforms) = preSolution
		Debug|Any CPU = Debug|Any CPU
		Release|Any CPU = Release|Any CPU
	EndGlobalSection
	GlobalSection(ProjectConfigurationPlatforms) = postSolution
		{C8B43562-7D4B-4765-93BB-005A4BE7A6AA}.Debug|Any CPU.ActiveCfg = Debug|Any CPU
		{C8B43562-7D4B-4765-93BB-005A4BE7A6AA}.Debug|Any CPU.Build.0 = Debug|Any CPU
		{C8B43562-7D4B-4765-93BB-005A4BE7A6AA}.Release|Any CPU.ActiveCfg = Release|Any CPU
		{C8B43562-7D4B-4765-93BB-005A4BE7A6AA}.Release|Any CPU.Build.0 = Release|Any CPU
		{4F242670-AEE4-46E8-9520-5A3E5041564F}.Debug|Any CPU.ActiveCfg = Debug|Any CPU
		{4F242670-AEE4-46E8-9520-5A3E5041564F}.Debug|Any CPU.Build.0 = Debug|Any CPU
		{4F242670-AEE4-46E8-9520-5A3E5041564F}.Release|Any CPU.ActiveCfg = Release|Any CPU
		{4F242670-AEE4-46E8-9520-5A3E5041564F}.Release|Any CPU.Build.0 = Release|Any CPU
		{F7E99F70-9C9F-4FFE-A234-4C45FB51EEBF}.Debug|Any CPU.ActiveCfg = Debug|Any CPU
		{F7E99F70-9C9F-4FFE-A234-4C45FB51EEBF}.Debug|Any CPU.Build.0 = Debug|Any CPU
		{F7E99F70-9C9F-4FFE-A234-4C45FB51EEBF}.Release|Any CPU.ActiveCfg = Release|Any CPU
		{F7E99F70-9C9F-4FFE-A234-4C45FB51EEBF}.Release|Any CPU.Build.0 = Release|Any CPU
		{29BDD32D-0882-4EBD-8BA7-D445E6747544}.Debug|Any CPU.ActiveCfg = Debug|Any CPU
		{29BDD32D-0882-4EBD-8BA7-D445E6747544}.Debug|Any CPU.Build.0 = Debug|Any CPU
		{29BDD32D-0882-4EBD-8BA7-D445E6747544}.Release|Any CPU.ActiveCfg = Release|Any CPU
		{29BDD32D-0882-4EBD-8BA7-D445E6747544}.Release|Any CPU.Build.0 = Release|Any CPU
		{606C39DD-AAD6-4E19-A281-CBE7615FC4B5}.Debug|Any CPU.ActiveCfg = Debug|Any CPU
		{606C39DD-AAD6-4E19-A281-CBE7615FC4B5}.Debug|Any CPU.Build.0 = Debug|Any CPU
		{606C39DD-AAD6-4E19-A281-CBE7615FC4B5}.Release|Any CPU.ActiveCfg = Release|Any CPU
		{606C39DD-AAD6-4E19-A281-CBE7615FC4B5}.Release|Any CPU.Build.0 = Release|Any CPU
		{24786669-E3BA-4BB2-BDE1-18A59A5374FF}.Debug|Any CPU.ActiveCfg = Debug|Any CPU
		{24786669-E3BA-4BB2-BDE1-18A59A5374FF}.Debug|Any CPU.Build.0 = Debug|Any CPU
		{24786669-E3BA-4BB2-BDE1-18A59A5374FF}.Release|Any CPU.ActiveCfg = Release|Any CPU
		{24786669-E3BA-4BB2-BDE1-18A59A5374FF}.Release|Any CPU.Build.0 = Release|Any CPU
	EndGlobalSection
	GlobalSection(NestedProjects) = preSolution
		{F7E99F70-9C9F-4FFE-A234-4C45FB51EEBF} = {55759CAB-391D-453E-8688-BE3D650740E6}
		{DCEA88B2-CAF4-4310-9DD1-8EA6FB662165} = {55759CAB-391D-453E-8688-BE3D650740E6}
		{29BDD32D-0882-4EBD-8BA7-D445E6747544} = {DCEA88B2-CAF4-4310-9DD1-8EA6FB662165}
		{606C39DD-AAD6-4E19-A281-CBE7615FC4B5} = {DCEA88B2-CAF4-4310-9DD1-8EA6FB662165}
		{24786669-E3BA-4BB2-BDE1-18A59A5374FF} = {55759CAB-391D-453E-8688-BE3D650740E6}
		{22E13D9B-41CC-4CE4-A373-C87CBD8B196E} = {393CF034-2108-4DDE-B3E5-87D38D5626D9}
		{B9475E0F-A0C4-44A9-BA9E-BCBA1E6338D2} = {393CF034-2108-4DDE-B3E5-87D38D5626D9}
		{36379309-8264-45C3-9442-3CF15409CC42} = {393CF034-2108-4DDE-B3E5-87D38D5626D9}
	EndGlobalSection
EndGlobal
